
Microsoft Visual Studio Solution File, Format Version 12.00
# Visual Studio Version 17
VisualStudioVersion = 17.12.35521.163 d17.12
MinimumVisualStudioVersion = 10.0.40219.1
Project("{FAE04EC0-301F-11D3-BF4B-00C04F79EFBC}") = "CR_FREE_TYM", "CR_FREE_TYM\CR_FREE_TYM.csproj", "{750604E6-C062-4A9F-8A7B-2B68D6FB0D9C}"
EndProject
Global
	GlobalSection(SolutionConfigurationPlatforms) = preSolution
		Debug|Any CPU = Debug|Any CPU
		Release|Any CPU = Release|Any CPU
	EndGlobalSection
	GlobalSection(ProjectConfigurationPlatforms) = postSolution
		{750604E6-C062-4A9F-8A7B-2B68D6FB0D9C}.Debug|Any CPU.ActiveCfg = Debug|Any CPU
		{750604E6-C062-4A9F-8A7B-2B68D6FB0D9C}.Debug|Any CPU.Build.0 = Debug|Any CPU
		{750604E6-C062-4A9F-8A7B-2B68D6FB0D9C}.Release|Any CPU.ActiveCfg = Release|Any CPU
		{750604E6-C062-4A9F-8A7B-2B68D6FB0D9C}.Release|Any CPU.Build.0 = Release|Any CPU
	EndGlobalSection
	GlobalSection(SolutionProperties) = preSolution
		HideSolutionNode = FALSE
	EndGlobalSection
EndGlobal
